PODS:
  - GoogleMaps (3.4.0):
    - GoogleMaps/Maps (= 3.4.0)
  - GoogleMaps/Base (3.4.0)
  - GoogleMaps/Maps (3.4.0):
    - GoogleMaps/Base
  - GooglePlaces (3.4.0):
    - GoogleMaps/Base (= 3.4.0)
  - lottie-ios (3.1.3)
  - Nuke (7.6.3)
  - RxCocoa (5.0.0):
    - RxRelay (~> 5)
    - RxSwift (~> 5)
  - RxRelay (5.0.0):
    - RxSwift (~> 5)
  - RxSwift (5.0.0)

DEPENDENCIES:
  - GoogleMaps
  - GooglePlaces
  - lottie-ios
  - Nuke (= 7.6.3)
  - RxCocoa
  - RxSwift

SPEC REPOS:
  https://github.com/cocoapods/specs.git:
    - GoogleMaps
    - GooglePlaces
    - lottie-ios
    - Nuke
    - RxCocoa
    - RxRelay
    - RxSwift

SPEC CHECKSUMS:
  GoogleMaps: 67f4a604f80dd6a22d09c2a507a3a395b9f23060
  GooglePlaces: 7547289e3fffc8980f4a027be99888e29d59b15d
  lottie-ios: 496ac5cea1bbf1a7bd1f1f472f3232eb1b8d744b
  Nuke: 44130e95e09463f8773ae4b96b90de1eba6b3350
  RxCocoa: fcf32050ac00d801f34a7f71d5e8e7f23026dcd8
  RxRelay: 4f7409406a51a55cd88483f21ed898c234d60f18
  RxSwift: 8b0671caa829a763bbce7271095859121cbd895f

PODFILE CHECKSUM: b3fcf23ec6682afdc0445742bd79216744d5aac2

COCOAPODS: 1.7.0
